// !$*UTF8*$!
{
	archiveVersion = 1;
	classes = {
	};
	objectVersion = 50;
	objects = {

/* Begin PBXBuildFile section */
		9DA58D2622DE2C8A00D13385 /* AppDelegate.swift in Sources */ = {isa = PBXBuildFile; fileRef = 9DA58D2522DE2C8A00D13385 /* AppDelegate.swift */; };
		9DA58D2822DE2C8A00D13385 /* ViewController.swift in Sources */ = {isa = PBXBuildFile; fileRef = 9DA58D2722DE2C8A00D13385 /* ViewController.swift */; };
		9DA58D2B22DE2C8A00D13385 /* Main.storyboard in Resources */ = {isa = PBXBuildFile; fileRef = 9DA58D2922DE2C8A00D13385 /* Main.storyboard */; };
		9DA58D2D22DE2C8D00D13385 /* Assets.xcassets in Resources */ = {isa = PBXBuildFile; fileRef = 9DA58D2C22DE2C8D00D13385 /* Assets.xcassets */; };
		9DA58D3022DE2C8D00D13385 /* LaunchScreen.storyboard in Resources */ = {isa = PBXBuildFile; fileRef = 9DA58D2E22DE2C8D00D13385 /* LaunchScreen.storyboard */; };
		9DA58D3B22DE2C8D00D13385 /* PitchPerfectTests.swift in Sources */ = {isa = PBXBuildFile; fileRef = 9DA58D3A22DE2C8D00D13385 /* PitchPerfectTests.swift */; };
		9DA58D4622DE2C8D00D13385 /* PitchPerfectUITests.swift in Sources */ = {isa = PBXBuildFile; fileRef = 9DA58D4522DE2C8D00D13385 /* PitchPerfectUITests.swift */; };
/* End PBXBuildFile section */

/* Begin PBXContainerItemProxy section */
		9DA58D3722DE2C8D00D13385 /* PBXContainerItemProxy */ = {
			isa = PBXContainerItemProxy;
			containerPortal = 9DA58D1A22DE2C8A00D13385 /* Project object */;
			proxyType = 1;
			remoteGlobalIDString = 9DA58D2122DE2C8A00D13385;
			remoteInfo = PitchPerfect;
		};
		9DA58D4222DE2C8D00D13385 /* PBXContainerItemProxy */ = {
			isa = PBXContainerItemProxy;
			containerPortal = 9DA58D1A22DE2C8A00D13385 /* Project object */;
			proxyType = 1;
			remoteGlobalIDString = 9DA58D2122DE2C8A00D13385;
			remoteInfo = PitchPerfect;
		};
/* End PBXContainerItemProxy section */

/* Begin PBXFileReference section */
		9DA58D2222DE2C8A00D13385 /* PitchPerfect.app */ = {isa = PBXFileReference; explicitFileType = wrapper.application; includeInIndex = 0; path = PitchPerfect.app; sourceTree = BUILT_PRODUCTS_DIR; };
		9DA58D2522DE2C8A00D13385 /* AppDelegate.swift */ = {isa = PBXFileReference; lastKnownFileType = sourcecode.swift; path = AppDelegate.swift; sourceTree = "<group>"; };
		9DA58D2722DE2C8A00D13385 /* ViewController.swift */ = {isa = PBXFileReference; lastKnownFileType = sourcecode.swift; path = ViewController.swift; sourceTree = "<group>"; };
		9DA58D2A22DE2C8A00D13385 /* Base */ = {isa = PBXFileReference; lastKnownFileType = file.storyboard; name = Base; path = Base.lproj/Main.storyboard; sourceTree = "<group>"; };
		9DA58D2C22DE2C8D00D13385 /* Assets.xcassets */ = {isa = PBXFileReference; lastKnownFileType = folder.assetcatalog; path = Assets.xcassets; sourceTree = "<group>"; };
		9DA58D2F22DE2C8D00D13385 /* Base */ = {isa = PBXFileReference; lastKnownFileType = file.storyboard; name = Base; path = Base.lproj/LaunchScreen.storyboard; sourceTree = "<group>"; };
		9DA58D3122DE2C8D00D13385 /* Info.plist */ = {isa = PBXFileReference; lastKnownFileType = text.plist.xml; path = Info.plist; sourceTree = "<group>"; };
		9DA58D3622DE2C8D00D13385 /* PitchPerfectTests.xctest */ = {isa = PBXFileReference; explicitFileType = wrapper.cfbundle; includeInIndex = 0; path = PitchPerfectTests.xctest; sourceTree = BUILT_PRODUCTS_DIR; };
		9DA58D3A22DE2C8D00D13385 /* PitchPerfectTests.swift */ = {isa = PBXFileReference; lastKnownFileType = sourcecode.swift; path = PitchPerfectTests.swift; sourceTree = "<group>"; };
		9DA58D3C22DE2C8D00D13385 /* Info.plist */ = {isa = PBXFileReference; lastKnownFileType = text.plist.xml; path = Info.plist; sourceTree = "<group>"; };
		9DA58D4122DE2C8D00D13385 /* PitchPerfectUITests.xctest */ = {isa = PBXFileReference; explicitFileType = wrapper.cfbundle; includeInIndex = 0; path = PitchPerfectUITests.xctest; sourceTree = BUILT_PRODUCTS_DIR; };
		9DA58D4522DE2C8D00D13385 /* PitchPerfectUITests.swift */ = {isa = PBXFileReference; lastKnownFileType = sourcecode.swift; path = PitchPerfectUITests.swift; sourceTree = "<group>"; };
		9DA58D4722DE2C8D00D13385 /* Info.plist */ = {isa = PBXFileReference; lastKnownFileType = text.plist.xml; path = Info.plist; sourceTree = "<group>"; };
/* End PBXFileReference section */

/* Begin PBXFrameworksBuildPhase section */
		9DA58D1F22DE2C8A00D13385 /* Frameworks */ = {
			isa = PBXFrameworksBuildPhase;
			buildActionMask = 2147483647;
			files = (
			);
			runOnlyForDeploymentPostprocessing = 0;
		};
		9DA58D3322DE2C8D00D13385 /* Frameworks */ = {
			isa = PBXFrameworksBuildPhase;
			buildActionMask = 2147483647;
			files = (
			);
			runOnlyForDeploymentPostprocessing = 0;
		};
		9DA58D3E22DE2C8D00D13385 /* Frameworks */ = {
			isa = PBXFrameworksBuildPhase;
			buildActionMask = 2147483647;
			files = (
			);
			runOnlyForDeploymentPostprocessing = 0;
		};
/* End PBXFrameworksBuildPhase section */

/* Begin PBXGroup section */
		9DA58D1922DE2C8A00D13385 = {
			isa = PBXGroup;
			children = (
				9DA58D2422DE2C8A00D13385 /* PitchPerfect */,
				9DA58D3922DE2C8D00D13385 /* PitchPerfectTests */,
				9DA58D4422DE2C8D00D13385 /* PitchPerfectUITests */,
				9DA58D2322DE2C8A00D13385 /* Products */,
			);
			sourceTree = "<group>";
		};
		9DA58D2322DE2C8A00D13385 /* Products */ = {
			isa = PBXGroup;
			children = (
				9DA58D2222DE2C8A00D13385 /* PitchPerfect.app */,
				9DA58D3622DE2C8D00D13385 /* PitchPerfectTests.xctest */,
				9DA58D4122DE2C8D00D13385 /* PitchPerfectUITests.xctest */,
			);
			name = Products;
			sourceTree = "<group>";
		};
		9DA58D2422DE2C8A00D13385 /* PitchPerfect */ = {
			isa = PBXGroup;
			children = (
				9DA58D2522DE2C8A00D13385 /* AppDelegate.swift */,
				9DA58D2722DE2C8A00D13385 /* ViewController.swift */,
				9DA58D2922DE2C8A00D13385 /* Main.storyboard */,
				9DA58D2C22DE2C8D00D13385 /* Assets.xcassets */,
				9DA58D2E22DE2C8D00D13385 /* LaunchScreen.storyboard */,
				9DA58D3122DE2C8D00D13385 /* Info.plist */,
			);
			path = PitchPerfect;
			sourceTree = "<group>";
		};
		9DA58D3922DE2C8D00D13385 /* PitchPerfectTests */ = {
			isa = PBXGroup;
			children = (
				9DA58D3A22DE2C8D00D13385 /* PitchPerfectTests.swift */,
				9DA58D3C22DE2C8D00D13385 /* Info.plist */,
			);
			path = PitchPerfectTests;
			sourceTree = "<group>";
		};
		9DA58D4422DE2C8D00D13385 /* PitchPerfectUITests */ = {
			isa = PBXGroup;
			children = (
				9DA58D4522DE2C8D00D13385 /* PitchPerfectUITests.swift */,
				9DA58D4722DE2C8D00D13385 /* Info.plist */,
			);
			path = PitchPerfectUITests;
			sourceTree = "<group>";
		};
/* End PBXGroup section */

/* Begin PBXNativeTarget section */
		9DA58D2122DE2C8A00D13385 /* PitchPerfect */ = {
			isa = PBXNativeTarget;
			buildConfigurationList = 9DA58D4A22DE2C8D00D13385 /* Build configuration list for PBXNativeTarget "PitchPerfect" */;
			buildPhases = (
				9DA58D1E22DE2C8A00D13385 /* Sources */,
				9DA58D1F22DE2C8A00D13385 /* Frameworks */,
				9DA58D2022DE2C8A00D13385 /* Resources */,
			);
			buildRules = (
			);
			dependencies = (
			);
			name = PitchPerfect;
			productName = PitchPerfect;
			productReference = 9DA58D2222DE2C8A00D13385 /* PitchPerfect.app */;
			productType = "com.apple.product-type.application";
		};
		9DA58D3522DE2C8D00D13385 /* PitchPerfectTests */ = {
			isa = PBXNativeTarget;
			buildConfigurationList = 9DA58D4D22DE2C8D00D13385 /* Build configuration list for PBXNativeTarget "PitchPerfectTests" */;
			buildPhases = (
				9DA58D3222DE2C8D00D13385 /* Sources */,
				9DA58D3322DE2C8D00D13385 /* Frameworks */,
				9DA58D3422DE2C8D00D13385 /* Resources */,
			);
			buildRules = (
			);
			dependencies = (
				9DA58D3822DE2C8D00D13385 /* PBXTargetDependency */,
			);
			name = PitchPerfectTests;
			productName = PitchPerfectTests;
			productReference = 9DA58D3622DE2C8D00D13385 /* PitchPerfectTests.xctest */;
			productType = "com.apple.product-type.bundle.unit-test";
		};
		9DA58D4022DE2C8D00D13385 /* PitchPerfectUITests */ = {
			isa = PBXNativeTarget;
			buildConfigurationList = 9DA58D5022DE2C8D00D13385 /* Build configuration list for PBXNativeTarget "PitchPerfectUITests" */;
			buildPhases = (
				9DA58D3D22DE2C8D00D13385 /* Sources */,
				9DA58D3E22DE2C8D00D13385 /* Frameworks */,
				9DA58D3F22DE2C8D00D13385 /* Resources */,
			);
			buildRules = (
			);
			dependencies = (
				9DA58D4322DE2C8D00D13385 /* PBXTargetDependency */,
			);
			name = PitchPerfectUITests;
			productName = PitchPerfectUITests;
			productReference = 9DA58D4122DE2C8D00D13385 /* PitchPerfectUITests.xctest */;
			productType = "com.apple.product-type.bundle.ui-testing";
		};
/* End PBXNativeTarget section */

/* Begin PBXProject section */
		9DA58D1A22DE2C8A00D13385 /* Project object */ = {
			isa = PBXProject;
			attributes = {
				LastSwiftUpdateCheck = 1020;
				LastUpgradeCheck = 1020;
				ORGANIZATIONNAME = "Sivakumar Chellamuthu";
				TargetAttributes = {
					9DA58D2122DE2C8A00D13385 = {
						CreatedOnToolsVersion = 10.2.1;
					};
					9DA58D3522DE2C8D00D13385 = {
						CreatedOnToolsVersion = 10.2.1;
						TestTargetID = 9DA58D2122DE2C8A00D13385;
					};
					9DA58D4022DE2C8D00D13385 = {
						CreatedOnToolsVersion = 10.2.1;
						TestTargetID = 9DA58D2122DE2C8A00D13385;
					};
				};
			};
			buildConfigurationList = 9DA58D1D22DE2C8A00D13385 /* Build configuration list for PBXProject "PitchPerfect" */;
			compatibilityVersion = "Xcode 9.3";
			developmentRegion = en;
			hasScannedForEncodings = 0;
			knownRegions = (
				en,
				Base,
			);
			mainGroup = 9DA58D1922DE2C8A00D13385;
			productRefGroup = 9DA58D2322DE2C8A00D13385 /* Products */;
			projectDirPath = "";
			projectRoot = "";
			targets = (
				9DA58D2122DE2C8A00D13385 /* PitchPerfect */,
				9DA58D3522DE2C8D00D13385 /* PitchPerfectTests */,
				9DA58D4022DE2C8D00D13385 /* PitchPerfectUITests */,
			);
		};
/* End PBXProject section */

/* Begin PBXResourcesBuildPhase section */
		9DA58D2022DE2C8A00D13385 /* Resources */ = {
			isa = PBXResourcesBuildPhase;
			buildActionMask = 2147483647;
			files = (
				9DA58D3022DE2C8D00D13385 /* LaunchScreen.storyboard in Resources */,
				9DA58D2D22DE2C8D00D13385 /* Assets.xcassets in Resources */,
				9DA58D2B22DE2C8A00D13385 /* Main.storyboard in Resources */,
			);
			runOnlyForDeploymentPostprocessing = 0;
		};
		9DA58D3422DE2C8D00D13385 /* Resources */ = {
			isa = PBXResourcesBuildPhase;
			buildActionMask = 2147483647;
			files = (
			);
			runOnlyForDeploymentPostprocessing = 0;
		};
		9DA58D3F22DE2C8D00D13385 /* Resources */ = {
			isa = PBXResourcesBuildPhase;
			buildActionMask = 2147483647;
			files = (
			);
			runOnlyForDeploymentPostprocessing = 0;
		};
/* End PBXResourcesBuildPhase section */

/* Begin PBXSourcesBuildPhase section */
		9DA58D1E22DE2C8A00D13385 /* Sources */ = {
			isa = PBXSourcesBuildPhase;
			buildActionMask = 2147483647;
			files = (
				9DA58D2822DE2C8A00D13385 /* ViewController.swift in Sources */,
				9DA58D2622DE2C8A00D13385 /* AppDelegate.swift in Sources */,
			);
			runOnlyForDeploymentPostprocessing = 0;
		};
		9DA58D3222DE2C8D00D13385 /* Sources */ = {
			isa = PBXSourcesBuildPhase;
			buildActionMask = 2147483647;
			files = (
				9DA58D3B22DE2C8D00D13385 /* PitchPerfectTests.swift in Sources */,
			);
			runOnlyForDeploymentPostprocessing = 0;
		};
		9DA58D3D22DE2C8D00D13385 /* Sources */ = {
			isa = PBXSourcesBuildPhase;
			buildActionMask = 2147483647;
			files = (
				9DA58D4622DE2C8D00D13385 /* PitchPerfectUITests.swift in Sources */,
			);
			runOnlyForDeploymentPostprocessing = 0;
		};
/* End PBXSourcesBuildPhase section */

/* Begin PBXTargetDependency section */
		9DA58D3822DE2C8D00D13385 /* PBXTargetDependency */ = {
			isa = PBXTargetDependency;
			target = 9DA58D2122DE2C8A00D13385 /* PitchPerfect */;
			targetProxy = 9DA58D3722DE2C8D00D13385 /* PBXContainerItemProxy */;
		};
		9DA58D4322DE2C8D00D13385 /* PBXTargetDependency */ = {
			isa = PBXTargetDependency;
			target = 9DA58D2122DE2C8A00D13385 /* PitchPerfect */;
			targetProxy = 9DA58D4222DE2C8D00D13385 /* PBXContainerItemProxy */;
		};
/* End PBXTargetDependency section */

/* Begin PBXVariantGroup section */
		9DA58D2922DE2C8A00D13385 /* Main.storyboard */ = {
			isa = PBXVariantGroup;
			children = (
				9DA58D2A22DE2C8A00D13385 /* Base */,
			);
			name = Main.storyboard;
			sourceTree = "<group>";
		};
		9DA58D2E22DE2C8D00D13385 /* LaunchScreen.storyboard */ = {
			isa = PBXVariantGroup;
			children = (
				9DA58D2F22DE2C8D00D13385 /* Base */,
			);
			name = LaunchScreen.storyboard;
			sourceTree = "<group>";
		};
/* End PBXVariantGroup section */

/* Begin XCBuildConfiguration section */
		9DA58D4822DE2C8D00D13385 /* Debug */ = {
			isa = XCBuildConfiguration;
			buildSettings = {
				ALWAYS_SEARCH_USER_PATHS = NO;
				CLANG_ANALYZER_NONNULL = YES;
				CLANG_ANALYZER_NUMBER_OBJECT_CONVERSION = YES_AGGRESSIVE;
				CLANG_CXX_LANGUAGE_STANDARD = "gnu++14";
				CLANG_CXX_LIBRARY = "libc++";
				CLANG_ENABLE_MODULES = YES;
				CLANG_ENABLE_OBJC_ARC = YES;
				CLANG_ENABLE_OBJC_WEAK = YES;
				CLANG_WARN_BLOCK_CAPTURE_AUTORELEASING = YES;
				CLANG_WARN_BOOL_CONVERSION = YES;
				CLANG_WARN_COMMA = YES;
				CLANG_WARN_CONSTANT_CONVERSION = YES;
				CLANG_WARN_DEPRECATED_OBJC_IMPLEMENTATIONS = YES;
				CLANG_WARN_DIRECT_OBJC_ISA_USAGE = YES_ERROR;
				CLANG_WARN_DOCUMENTATION_COMMENTS = YES;
				CLANG_WARN_EMPTY_BODY = YES;
				CLANG_WARN_ENUM_CONVERSION = YES;
				CLANG_WARN_INFINITE_RECURSION = YES;
				CLANG_WARN_INT_CONVERSION = YES;
				CLANG_WARN_NON_LITERAL_NULL_CONVERSION = YES;
				CLANG_WARN_OBJC_IMPLICIT_RETAIN_SELF = YES;
				CLANG_WARN_OBJC_LITERAL_CONVERSION = YES;
				CLANG_WARN_OBJC_ROOT_CLASS = YES_ERROR;
				CLANG_WARN_RANGE_LOOP_ANALYSIS = YES;
				CLANG_WARN_STRICT_PROTOTYPES = YES;
				CLANG_WARN_SUSPICIOUS_MOVE = YES;
				CLANG_WARN_UNGUARDED_AVAILABILITY = YES_AGGRESSIVE;
				CLANG_WARN_UNREACHABLE_CODE = YES;
				CLANG_WARN__DUPLICATE_METHOD_MATCH = YES;
				CODE_SIGN_IDENTITY = "iPhone Developer";
				COPY_PHASE_STRIP = NO;
				DEBUG_INFORMATION_FORMAT = dwarf;
				ENABLE_STRICT_OBJC_MSGSEND = YES;
				ENABLE_TESTABILITY = YES;
				GCC_C_LANGUAGE_STANDARD = gnu11;
				GCC_DYNAMIC_NO_PIC = NO;
				GCC_NO_COMMON_BLOCKS = YES;
				GCC_OPTIMIZATION_LEVEL = 0;
				GCC_PREPROCESSOR_DEFINITIONS = (
					"DEBUG=1",
					"$(inherited)",
				);
				GCC_WARN_64_TO_32_BIT_CONVERSION = YES;
				GCC_WARN_ABOUT_RETURN_TYPE = YES_ERROR;
				GCC_WARN_UNDECLARED_SELECTOR = YES;
				GCC_WARN_UNINITIALIZED_AUTOS = YES_AGGRESSIVE;
				GCC_WARN_UNUSED_FUNCTION = YES;
				GCC_WARN_UNUSED_VARIABLE = YES;
				IPHONEOS_DEPLOYMENT_TARGET = 12.2;
				MTL_ENABLE_DEBUG_INFO = INCLUDE_SOURCE;
				MTL_FAST_MATH = YES;
				ONLY_ACTIVE_ARCH = YES;
				SDKROOT = iphoneos;
				SWIFT_ACTIVE_COMPILATION_CONDITIONS = DEBUG;
				SWIFT_OPTIMIZATION_LEVEL = "-Onone";
			};
			name = Debug;
		};
		9DA58D4922DE2C8D00D13385 /* Release */ = {
			isa = XCBuildConfiguration;
			buildSettings = {
				ALWAYS_SEARCH_USER_PATHS = NO;
				CLANG_ANALYZER_NONNULL = YES;
				CLANG_ANALYZER_NUMBER_OBJECT_CONVERSION = YES_AGGRESSIVE;
				CLANG_CXX_LANGUAGE_STANDARD = "gnu++14";
				CLANG_CXX_LIBRARY = "libc++";
				CLANG_ENABLE_MODULES = YES;
				CLANG_ENABLE_OBJC_ARC = YES;
				CLANG_ENABLE_OBJC_WEAK = YES;
				CLANG_WARN_BLOCK_CAPTURE_AUTORELEASING = YES;
				CLANG_WARN_BOOL_CONVERSION = YES;
				CLANG_WARN_COMMA = YES;
				CLANG_WARN_CONSTANT_CONVERSION = YES;
				CLANG_WARN_DEPRECATED_OBJC_IMPLEMENTATIONS = YES;
				CLANG_WARN_DIRECT_OBJC_ISA_USAGE = YES_ERROR;
				CLANG_WARN_DOCUMENTATION_COMMENTS = YES;
				CLANG_WARN_EMPTY_BODY = YES;
				CLANG_WARN_ENUM_CONVERSION = YES;
				CLANG_WARN_INFINITE_RECURSION = YES;
				CLANG_WARN_INT_CONVERSION = YES;
				CLANG_WARN_NON_LITERAL_NULL_CONVERSION = YES;
				CLANG_WARN_OBJC_IMPLICIT_RETAIN_SELF = YES;
				CLANG_WARN_OBJC_LITERAL_CONVERSION = YES;
				CLANG_WARN_OBJC_ROOT_CLASS = YES_ERROR;
				CLANG_WARN_RANGE_LOOP_ANALYSIS = YES;
				CLANG_WARN_STRICT_PROTOTYPES = YES;
				CLANG_WARN_SUSPICIOUS_MOVE = YES;
				CLANG_WARN_UNGUARDED_AVAILABILITY = YES_AGGRESSIVE;
				CLANG_WARN_UNREACHABLE_CODE = YES;
				CLANG_WARN__DUPLICATE_METHOD_MATCH = YES;
				CODE_SIGN_IDENTITY = "iPhone Developer";
				COPY_PHASE_STRIP = NO;
				DEBUG_INFORMATION_FORMAT = "dwarf-with-dsym";
				ENABLE_NS_ASSERTIONS = NO;
				ENABLE_STRICT_OBJC_MSGSEND = YES;
				GCC_C_LANGUAGE_STANDARD = gnu11;
				GCC_NO_COMMON_BLOCKS = YES;
				GCC_WARN_64_TO_32_BIT_CONVERSION = YES;
				GCC_WARN_ABOUT_RETURN_TYPE = YES_ERROR;
				GCC_WARN_UNDECLARED_SELECTOR = YES;
				GCC_WARN_UNINITIALIZED_AUTOS = YES_AGGRESSIVE;
				GCC_WARN_UNUSED_FUNCTION = YES;
				GCC_WARN_UNUSED_VARIABLE = YES;
				IPHONEOS_DEPLOYMENT_TARGET = 12.2;
				MTL_ENABLE_DEBUG_INFO = NO;
				MTL_FAST_MATH = YES;
				SDKROOT = iphoneos;
				SWIFT_COMPILATION_MODE = wholemodule;
				SWIFT_OPTIMIZATION_LEVEL = "-O";
				VALIDATE_PRODUCT = YES;
			};
			name = Release;
		};
		9DA58D4B22DE2C8D00D13385 /* Debug */ = {
			isa = XCBuildConfiguration;
			buildSettings = {
				ASSETCATALOG_COMPILER_APPICON_NAME = AppIcon;
				CODE_SIGN_STYLE = Automatic;
				INFOPLIST_FILE = PitchPerfect/Info.plist;
				LD_RUNPATH_SEARCH_PATHS = (
					"$(inherited)",
					"@executable_path/Frameworks",
				);
				PRODUCT_BUNDLE_IDENTIFIER = com.sivakumar.PitchPerfect;
				PRODUCT_NAME = "$(TARGET_NAME)";
				SWIFT_VERSION = 5.0;
				TARGETED_DEVICE_FAMILY = "1,2";
			};
			name = Debug;
		};
		9DA58D4C22DE2C8D00D13385 /* Release */ = {
			isa = XCBuildConfiguration;
			buildSettings = {
				ASSETCATALOG_COMPILER_APPICON_NAME = AppIcon;
				CODE_SIGN_STYLE = Automatic;
				INFOPLIST_FILE = PitchPerfect/Info.plist;
				LD_RUNPATH_SEARCH_PATHS = (
					"$(inherited)",
					"@executable_path/Frameworks",
				);
				PRODUCT_BUNDLE_IDENTIFIER = com.sivakumar.PitchPerfect;
				PRODUCT_NAME = "$(TARGET_NAME)";
				SWIFT_VERSION = 5.0;
				TARGETED_DEVICE_FAMILY = "1,2";
			};
			name = Release;
		};
		9DA58D4E22DE2C8D00D13385 /* Debug */ = {
			isa = XCBuildConfiguration;
			buildSettings = {
				ALWAYS_EMBED_SWIFT_STANDARD_LIBRARIES = YES;
				BUNDLE_LOADER = "$(TEST_HOST)";
				CODE_SIGN_STYLE = Automatic;
				INFOPLIST_FILE = PitchPerfectTests/Info.plist;
				LD_RUNPATH_SEARCH_PATHS = (
					"$(inherited)",
					"@executable_path/Frameworks",
					"@loader_path/Frameworks",
				);
				PRODUCT_BUNDLE_IDENTIFIER = com.sivakumar.PitchPerfectTests;
				PRODUCT_NAME = "$(TARGET_NAME)";
				SWIFT_VERSION = 5.0;
				TARGETED_DEVICE_FAMILY = "1,2";
				TEST_HOST = "$(BUILT_PRODUCTS_DIR)/PitchPerfect.app/PitchPerfect";
			};
			name = Debug;
		};
		9DA58D4F22DE2C8D00D13385 /* Release */ = {
			isa = XCBuildConfiguration;
			buildSettings = {
				ALWAYS_EMBED_SWIFT_STANDARD_LIBRARIES = YES;
				BUNDLE_LOADER = "$(TEST_HOST)";
				CODE_SIGN_STYLE = Automatic;
				INFOPLIST_FILE = PitchPerfectTests/Info.plist;
				LD_RUNPATH_SEARCH_PATHS = (
					"$(inherited)",
					"@executable_path/Frameworks",
					"@loader_path/Frameworks",
				);
				PRODUCT_BUNDLE_IDENTIFIER = com.sivakumar.PitchPerfectTests;
				PRODUCT_NAME = "$(TARGET_NAME)";
				SWIFT_VERSION = 5.0;
				TARGETED_DEVICE_FAMILY = "1,2";
				TEST_HOST = "$(BUILT_PRODUCTS_DIR)/PitchPerfect.app/PitchPerfect";
			};
			name = Release;
		};
		9DA58D5122DE2C8D00D13385 /* Debug */ = {
			isa = XCBuildConfiguration;
			buildSettings = {
				ALWAYS_EMBED_SWIFT_STANDARD_LIBRARIES = YES;
				CODE_SIGN_STYLE = Automatic;
				INFOPLIST_FILE = PitchPerfectUITests/Info.plist;
				LD_RUNPATH_SEARCH_PATHS = (
					"$(inherited)",
					"@executable_path/Frameworks",
					"@loader_path/Frameworks",
				);
				PRODUCT_BUNDLE_IDENTIFIER = com.sivakumar.PitchPerfectUITests;
				PRODUCT_NAME = "$(TARGET_NAME)";
				SWIFT_VERSION = 5.0;
				TARGETED_DEVICE_FAMILY = "1,2";
				TEST_TARGET_NAME = PitchPerfect;
			};
			name = Debug;
		};
		9DA58D5222DE2C8D00D13385 /* Release */ = {
			isa = XCBuildConfiguration;
			buildSettings = {
				ALWAYS_EMBED_SWIFT_STANDARD_LIBRARIES = YES;
				CODE_SIGN_STYLE = Automatic;
				INFOPLIST_FILE = PitchPerfectUITests/Info.plist;
				LD_RUNPATH_SEARCH_PATHS = (
					"$(inherited)",
					"@executable_path/Frameworks",
					"@loader_path/Frameworks",
				);
				PRODUCT_BUNDLE_IDENTIFIER = com.sivakumar.PitchPerfectUITests;
				PRODUCT_NAME = "$(TARGET_NAME)";
				SWIFT_VERSION = 5.0;
				TARGETED_DEVICE_FAMILY = "1,2";
				TEST_TARGET_NAME = PitchPerfect;
			};
			name = Release;
		};
/* End XCBuildConfiguration section */

/* Begin XCConfigurationList section */
		9DA58D1D22DE2C8A00D13385 /* Build configuration list for PBXProject "PitchPerfect" */ = {
			isa = XCConfigurationList;
			buildConfigurations = (
				9DA58D4822DE2C8D00D13385 /* Debug */,
				9DA58D4922DE2C8D00D13385 /* Release */,
			);
			defaultConfigurationIsVisible = 0;
			defaultConfigurationName = Release;
		};
		9DA58D4A22DE2C8D00D13385 /* Build configuration list for PBXNativeTarget "PitchPerfect" */ = {
			isa = XCConfigurationList;
			buildConfigurations = (
				9DA58D4B22DE2C8D00D13385 /* Debug */,
				9DA58D4C22DE2C8D00D13385 /* Release */,
			);
			defaultConfigurationIsVisible = 0;
			defaultConfigurationName = Release;
		};
		9DA58D4D22DE2C8D00D13385 /* Build configuration list for PBXNativeTarget "PitchPerfectTests" */ = {
			isa = XCConfigurationList;
			buildConfigurations = (
				9DA58D4E22DE2C8D00D13385 /* Debug */,
				9DA58D4F22DE2C8D00D13385 /* Release */,
			);
			defaultConfigurationIsVisible = 0;
			defaultConfigurationName = Release;
		};
		9DA58D5022DE2C8D00D13385 /* Build configuration list for PBXNativeTarget "PitchPerfectUITests" */ = {
			isa = XCConfigurationList;
			buildConfigurations = (
				9DA58D5122DE2C8D00D13385 /* Debug */,
				9DA58D5222DE2C8D00D13385 /* Release */,
			);
			defaultConfigurationIsVisible = 0;
			defaultConfigurationName = Release;
		};
/* End XCConfigurationList section */
	};
	rootObject = 9DA58D1A22DE2C8A00D13385 /* Project object */;
}
